
Microsoft Visual Studio Solution File, Format Version 12.00
# Visual Studio 15
VisualStudioVersion = 15.0.34729.27
MinimumVisualStudioVersion = 10.0.40219.1
Project("{FAE04EC0-301F-11D3-BF4B-00C04F79EFBC}") = "Aula17", "Aula17\Aula17.csproj", "{36F66011-CEEF-4390-962A-4D943CE95DF7}"
EndProject
Global
	GlobalSection(SolutionConfigurationPlatforms) = preSolution
		Debug|Any CPU = Debug|Any CPU
		Release|Any CPU = Release|Any CPU
	EndGlobalSection
	GlobalSection(ProjectConfigurationPlatforms) = postSolution
		{36F66011-CEEF-4390-962A-4D943CE95DF7}.Debug|Any CPU.ActiveCfg = Debug|Any CPU
		{36F66011-CEEF-4390-962A-4D943CE95DF7}.Debug|Any CPU.Build.0 = Debug|Any CPU
		{36F66011-CEEF-4390-962A-4D943CE95DF7}.Release|Any CPU.ActiveCfg = Release|Any CPU
		{36F66011-CEEF-4390-962A-4D943CE95DF7}.Release|Any CPU.Build.0 = Release|Any CPU
	EndGlobalSection
	GlobalSection(SolutionProperties) = preSolution
		HideSolutionNode = FALSE
	EndGlobalSection
	GlobalSection(ExtensibilityGlobals) = postSolution
		SolutionGuid = {A41A58C0-7D05-44E1-9569-F3222083B4E7}
	EndGlobalSection
EndGlobal
