
Microsoft Visual Studio Solution File, Format Version 12.00
# Visual Studio 15
VisualStudioVersion = 15.0.34729.27
MinimumVisualStudioVersion = 10.0.40219.1
Project("{FAE04EC0-301F-11D3-BF4B-00C04F79EFBC}") = "Aula35_GridView", "Aula35_GridView\Aula35_GridView.csproj", "{E3B34438-2B8D-4C4B-B74D-AD3E42F89DA2}"
EndProject
Global
	GlobalSection(SolutionConfigurationPlatforms) = preSolution
		Debug|Any CPU = Debug|Any CPU
		Release|Any CPU = Release|Any CPU
	EndGlobalSection
	GlobalSection(ProjectConfigurationPlatforms) = postSolution
		{E3B34438-2B8D-4C4B-B74D-AD3E42F89DA2}.Debug|Any CPU.ActiveCfg = Debug|Any CPU
		{E3B34438-2B8D-4C4B-B74D-AD3E42F89DA2}.Debug|Any CPU.Build.0 = Debug|Any CPU
		{E3B34438-2B8D-4C4B-B74D-AD3E42F89DA2}.Release|Any CPU.ActiveCfg = Release|Any CPU
		{E3B34438-2B8D-4C4B-B74D-AD3E42F89DA2}.Release|Any CPU.Build.0 = Release|Any CPU
	EndGlobalSection
	GlobalSection(SolutionProperties) = preSolution
		HideSolutionNode = FALSE
	EndGlobalSection
	GlobalSection(ExtensibilityGlobals) = postSolution
		SolutionGuid = {9AAB3ACC-B0F1-432D-9BFE-1F7919C24FBF}
	EndGlobalSection
EndGlobal
